// !$*UTF8*$!
{
	archiveVersion = 1;
	classes = {
	};
	objectVersion = 77;
	objects = {

/* Begin PBXBuildFile section */
		44E214472FF8C069002A32B1 /* GoogleService-Info.plist in Resources */ = {isa = PBXBuildFile; fileRef = 44E214462FF8C069002A32B1 /* GoogleService-Info.plist */; };
		44F3D65F2FB5C6280058EB19 /* FirebaseMessaging in Frameworks */ = {isa = PBXBuildFile; productRef = 44F3D65E2FB5C6280058EB19 /* FirebaseMessaging */; };
/* End PBXBuildFile section */

/* Begin PBXContainerItemProxy section */
		44FE46E82FA46A7000C03F71 /* PBXContainerItemProxy */ = {
			isa = PBXContainerItemProxy;
			containerPortal = 44FE46D02FA46A6E00C03F71 /* Project object */;
			proxyType = 1;
			remoteGlobalIDString = 44FE46D72FA46A6E00C03F71;
			remoteInfo = "trainer-crm";
		};
		44FE46F22FA46A7000C03F71 /* PBXContainerItemProxy */ = {
			isa = PBXContainerItemProxy;
			containerPortal = 44FE46D02FA46A6E00C03F71 /* Project object */;
			proxyType = 1;
			remoteGlobalIDString = 44FE46D72FA46A6E00C03F71;
			remoteInfo = "trainer-crm";
		};
/* End PBXContainerItemProxy section */

/* Begin PBXFileReference section */
		44E214462FF8C069002A32B1 /* GoogleService-Info.plist */ = {isa = PBXFileReference; lastKnownFileType = text.plist.xml; path = "GoogleService-Info.plist"; sourceTree = "<group>"; };
		44FE46D82FA46A6E00C03F71 /* trainer-crm.app */ = {isa = PBXFileReference; explicitFileType = wrapper.application; includeInIndex = 0; path = "trainer-crm.app"; sourceTree = BUILT_PRODUCTS_DIR; };
		44FE46E72FA46A7000C03F71 /* trainer-crmTests.xctest */ = {isa = PBXFileReference; explicitFileType = wrapper.cfbundle; includeInIndex = 0; path = "trainer-crmTests.xctest"; sourceTree = BUILT_PRODUCTS_DIR; };
		44FE46F12FA46A7000C03F71 /* trainer-crmUITests.xctest */ = {isa = PBXFileReference; explicitFileType = wrapper.cfbundle; includeInIndex = 0; path = "trainer-crmUITests.xctest"; sourceTree = BUILT_PRODUCTS_DIR; };
/* End PBXFileReference section */

/* Begin PBXFileSystemSynchronizedBuildFileExceptionSet section */
		44F3D6642FB5C6D60058EB19 /* Exceptions for "trainer-crm" folder in "trainer-crm" target */ = {
			isa = PBXFileSystemSynchronizedBuildFileExceptionSet;
			membershipExceptions = (
				Info.plist,
			);
			target = 44FE46D72FA46A6E00C03F71 /* trainer-crm */;
		};
/* End PBXFileSystemSynchronizedBuildFileExceptionSet section */

/* Begin PBXFileSystemSynchronizedRootGroup section */
		44FE46DA2FA46A6E00C03F71 /* trainer-crm */ = {
			isa = PBXFileSystemSynchronizedRootGroup;
			exceptions = (
				44F3D6642FB5C6D60058EB19 /* Exceptions for "trainer-crm" folder in "trainer-crm" target */,
			);
			path = "trainer-crm";
			sourceTree = "<group>";
		};
		44FE46EA2FA46A7000C03F71 /* trainer-crmTests */ = {
			isa = PBXFileSystemSynchronizedRootGroup;
			path = "trainer-crmTests";
			sourceTree = "<group>";
		};
		44FE46F42FA46A7000C03F71 /* trainer-crmUITests */ = {
			isa = PBXFileSystemSynchronizedRootGroup;
			path = "trainer-crmUITests";
			sourceTree = "<group>";
		};
/* End PBXFileSystemSynchronizedRootGroup section */

/* Begin PBXFrameworksBuildPhase section */
		44FE46D52FA46A6E00C03F71 /* Frameworks */ = {
			isa = PBXFrameworksBuildPhase;
			buildActionMask = 2147483647;
			files = (
				44F3D65F2FB5C6280058EB19 /* FirebaseMessaging in Frameworks */,
			);
			runOnlyForDeploymentPostprocessing = 0;
		};
		44FE46E42FA46A7000C03F71 /* Frameworks */ = {
			isa = PBXFrameworksBuildPhase;
			buildActionMask = 2147483647;
			files = (
			);
			runOnlyForDeploymentPostprocessing = 0;
		};
		44FE46EE2FA46A7000C03F71 /* Frameworks */ = {
			isa = PBXFrameworksBuildPhase;
			buildActionMask = 2147483647;
			files = (
			);
			runOnlyForDeploymentPostprocessing = 0;
		};
/* End PBXFrameworksBuildPhase section */

/* Begin PBXGroup section */
		44FE46CF2FA46A6E00C03F71 = {
			isa = PBXGroup;
			children = (
				44FE46DA2FA46A6E00C03F71 /* trainer-crm */,
				44FE46EA2FA46A7000C03F71 /* trainer-crmTests */,
				44FE46F42FA46A7000C03F71 /* trainer-crmUITests */,
				44FE46D92FA46A6E00C03F71 /* Products */,
				44E214462FF8C069002A32B1 /* GoogleService-Info.plist */,
			);
			sourceTree = "<group>";
		};
		44FE46D92FA46A6E00C03F71 /* Products */ = {
			isa = PBXGroup;
			children = (
				44FE46D82FA46A6E00C03F71 /* trainer-crm.app */,
				44FE46E72FA46A7000C03F71 /* trainer-crmTests.xctest */,
				44FE46F12FA46A7000C03F71 /* trainer-crmUITests.xctest */,
			);
			name = Products;
			sourceTree = "<group>";
		};
/* End PBXGroup section */

/* Begin PBXNativeTarget section */
		44FE46D72FA46A6E00C03F71 /* trainer-crm */ = {
			isa = PBXNativeTarget;
			buildConfigurationList = 44FE46FB2FA46A7000C03F71 /* Build configuration list for PBXNativeTarget "trainer-crm" */;
			buildPhases = (
				44FE46D42FA46A6E00C03F71 /* Sources */,
				44FE46D52FA46A6E00C03F71 /* Frameworks */,
				44FE46D62FA46A6E00C03F71 /* Resources */,
			);
			buildRules = (
			);
			dependencies = (
			);
			fileSystemSynchronizedGroups = (
				44FE46DA2FA46A6E00C03F71 /* trainer-crm */,
			);
			name = "trainer-crm";
			packageProductDependencies = (
				44F3D65E2FB5C6280058EB19 /* FirebaseMessaging */,
			);
			productName = "trainer-crm";
			productReference = 44FE46D82FA46A6E00C03F71 /* trainer-crm.app */;
			productType = "com.apple.product-type.application";
		};
		44FE46E62FA46A7000C03F71 /* trainer-crmTests */ = {
			isa = PBXNativeTarget;
			buildConfigurationList = 44FE46FE2FA46A7000C03F71 /* Build configuration list for PBXNativeTarget "trainer-crmTests" */;
			buildPhases = (
				44FE46E32FA46A7000C03F71 /* Sources */,
				44FE46E42FA46A7000C03F71 /* Frameworks */,
				44FE46E52FA46A7000C03F71 /* Resources */,
			);
			buildRules = (
			);
			dependencies = (
				44FE46E92FA46A7000C03F71 /* PBXTargetDependency */,
			);
			fileSystemSynchronizedGroups = (
				44FE46EA2FA46A7000C03F71 /* trainer-crmTests */,
			);
			name = "trainer-crmTests";
			packageProductDependencies = (
			);
			productName = "trainer-crmTests";
			productReference = 44FE46E72FA46A7000C03F71 /* trainer-crmTests.xctest */;
			productType = "com.apple.product-type.bundle.unit-test";
		};
		44FE46F02FA46A7000C03F71 /* trainer-crmUITests */ = {
			isa = PBXNativeTarget;
			buildConfigurationList = 44FE47012FA46A7000C03F71 /* Build configuration list for PBXNativeTarget "trainer-crmUITests" */;
			buildPhases = (
				44FE46ED2FA46A7000C03F71 /* Sources */,
				44FE46EE2FA46A7000C03F71 /* Frameworks */,
				44FE46EF2FA46A7000C03F71 /* Resources */,
			);
			buildRules = (
			);
			dependencies = (
				44FE46F32FA46A7000C03F71 /* PBXTargetDependency */,
			);
			fileSystemSynchronizedGroups = (
				44FE46F42FA46A7000C03F71 /* trainer-crmUITests */,
			);
			name = "trainer-crmUITests";
			packageProductDependencies = (
			);
			productName = "trainer-crmUITests";
			productReference = 44FE46F12FA46A7000C03F71 /* trainer-crmUITests.xctest */;
			productType = "com.apple.product-type.bundle.ui-testing";
		};
/* End PBXNativeTarget section */

/* Begin PBXProject section */
		44FE46D02FA46A6E00C03F71 /* Project object */ = {
			isa = PBXProject;
			attributes = {
				BuildIndependentTargetsInParallel = 1;
				LastSwiftUpdateCheck = 2640;
				LastUpgradeCheck = 2640;
				TargetAttributes = {
					44FE46D72FA46A6E00C03F71 = {
						CreatedOnToolsVersion = 26.4.1;
					};
					44FE46E62FA46A7000C03F71 = {
						CreatedOnToolsVersion = 26.4.1;
						TestTargetID = 44FE46D72FA46A6E00C03F71;
					};
					44FE46F02FA46A7000C03F71 = {
						CreatedOnToolsVersion = 26.4.1;
						TestTargetID = 44FE46D72FA46A6E00C03F71;
					};
				};
			};
			buildConfigurationList = 44FE46D32FA46A6E00C03F71 /* Build configuration list for PBXProject "trainer-crm" */;
			developmentRegion = en;
			hasScannedForEncodings = 0;
			knownRegions = (
				en,
				Base,
			);
			mainGroup = 44FE46CF2FA46A6E00C03F71;
			minimizedProjectReferenceProxies = 1;
			packageReferences = (
				44F3D65D2FB5C6280058EB19 /* XCRemoteSwiftPackageReference "firebase-ios-sdk" */,
			);
			preferredProjectObjectVersion = 77;
			productRefGroup = 44FE46D92FA46A6E00C03F71 /* Products */;
			projectDirPath = "";
			projectRoot = "";
			targets = (
				44FE46D72FA46A6E00C03F71 /* trainer-crm */,
				44FE46E62FA46A7000C03F71 /* trainer-crmTests */,
				44FE46F02FA46A7000C03F71 /* trainer-crmUITests */,
			);
		};
/* End PBXProject section */

/* Begin PBXResourcesBuildPhase section */
		44FE46D62FA46A6E00C03F71 /* Resources */ = {
			isa = PBXResourcesBuildPhase;
			buildActionMask = 2147483647;
			files = (
				44E214472FF8C069002A32B1 /* GoogleService-Info.plist in Resources */,
			);
			runOnlyForDeploymentPostprocessing = 0;
		};
		44FE46E52FA46A7000C03F71 /* Resources */ = {
			isa = PBXResourcesBuildPhase;
			buildActionMask = 2147483647;
			files = (
			);
			runOnlyForDeploymentPostprocessing = 0;
		};
		44FE46EF2FA46A7000C03F71 /* Resources */ = {
			isa = PBXResourcesBuildPhase;
			buildActionMask = 2147483647;
			files = (
			);
			runOnlyForDeploymentPostprocessing = 0;
		};
/* End PBXResourcesBuildPhase section */

/* Begin PBXSourcesBuildPhase section */
		44FE46D42FA46A6E00C03F71 /* Sources */ = {
			isa = PBXSourcesBuildPhase;
			buildActionMask = 2147483647;
			files = (
			);
			runOnlyForDeploymentPostprocessing = 0;
		};
		44FE46E32FA46A7000C03F71 /* Sources */ = {
			isa = PBXSourcesBuildPhase;
			buildActionMask = 2147483647;
			files = (
			);
			runOnlyForDeploymentPostprocessing = 0;
		};
		44FE46ED2FA46A7000C03F71 /* Sources */ = {
			isa = PBXSourcesBuildPhase;
			buildActionMask = 2147483647;
			files = (
			);
			runOnlyForDeploymentPostprocessing = 0;
		};
/* End PBXSourcesBuildPhase section */

/* Begin PBXTargetDependency section */
		44FE46E92FA46A7000C03F71 /* PBXTargetDependency */ = {
			isa = PBXTargetDependency;
			target = 44FE46D72FA46A6E00C03F71 /* trainer-crm */;
			targetProxy = 44FE46E82FA46A7000C03F71 /* PBXContainerItemProxy */;
		};
		44FE46F32FA46A7000C03F71 /* PBXTargetDependency */ = {
			isa = PBXTargetDependency;
			target = 44FE46D72FA46A6E00C03F71 /* trainer-crm */;
			targetProxy = 44FE46F22FA46A7000C03F71 /* PBXContainerItemProxy */;
		};
/* End PBXTargetDependency section */

/* Begin XCBuildConfiguration section */
		44FE46F92FA46A7000C03F71 /* Debug */ = {
			isa = XCBuildConfiguration;
			buildSettings = {
				ALWAYS_SEARCH_USER_PATHS = NO;
				ASSETCATALOG_COMPILER_GENERATE_SWIFT_ASSET_SYMBOL_EXTENSIONS = YES;
				CLANG_ANALYZER_NONNULL = YES;
				CLANG_ANALYZER_NUMBER_OBJECT_CONVERSION = YES_AGGRESSIVE;
				CLANG_CXX_LANGUAGE_STANDARD = "gnu++20";
				CLANG_ENABLE_MODULES = YES;
				CLANG_ENABLE_OBJC_ARC = YES;
				CLANG_ENABLE_OBJC_WEAK = YES;
				CLANG_WARN_BLOCK_CAPTURE_AUTORELEASING = YES;
				CLANG_WARN_BOOL_CONVERSION = YES;
				CLANG_WARN_COMMA = YES;
				CLANG_WARN_CONSTANT_CONVERSION = YES;
				CLANG_WARN_DEPRECATED_OBJC_IMPLEMENTATIONS = YES;
				CLANG_WARN_DIRECT_OBJC_ISA_USAGE = YES_ERROR;
				CLANG_WARN_DOCUMENTATION_COMMENTS = YES;
				CLANG_WARN_EMPTY_BODY = YES;
				CLANG_WARN_ENUM_CONVERSION = YES;
				CLANG_WARN_INFINITE_RECURSION = YES;
				CLANG_WARN_INT_CONVERSION = YES;
				CLANG_WARN_NON_LITERAL_NULL_CONVERSION = YES;
				CLANG_WARN_OBJC_IMPLICIT_RETAIN_SELF = YES;
				CLANG_WARN_OBJC_LITERAL_CONVERSION = YES;
				CLANG_WARN_OBJC_ROOT_CLASS = YES_ERROR;
				CLANG_WARN_QUOTED_INCLUDE_IN_FRAMEWORK_HEADER = YES;
				CLANG_WARN_RANGE_LOOP_ANALYSIS = YES;
				CLANG_WARN_STRICT_PROTOTYPES = YES;
				CLANG_WARN_SUSPICIOUS_MOVE = YES;
				CLANG_WARN_UNGUARDED_AVAILABILITY = YES_AGGRESSIVE;
				CLANG_WARN_UNREACHABLE_CODE = YES;
				CLANG_WARN__DUPLICATE_METHOD_MATCH = YES;
				COPY_PHASE_STRIP = NO;
				DEBUG_INFORMATION_FORMAT = dwarf;
				DEVELOPMENT_TEAM = U7UFFYB7X2;
				ENABLE_STRICT_OBJC_MSGSEND = YES;
				ENABLE_TESTABILITY = YES;
				ENABLE_USER_SCRIPT_SANDBOXING = YES;
				GCC_C_LANGUAGE_STANDARD = gnu17;
				GCC_DYNAMIC_NO_PIC = NO;
				GCC_NO_COMMON_BLOCKS = YES;
				GCC_OPTIMIZATION_LEVEL = 0;
				GCC_PREPROCESSOR_DEFINITIONS = (
					"DEBUG=1",
					"$(inherited)",
				);
				GCC_WARN_64_TO_32_BIT_CONVERSION = YES;
				GCC_WARN_ABOUT_RETURN_TYPE = YES_ERROR;
				GCC_WARN_UNDECLARED_SELECTOR = YES;
				GCC_WARN_UNINITIALIZED_AUTOS = YES_AGGRESSIVE;
				GCC_WARN_UNUSED_FUNCTION = YES;
				GCC_WARN_UNUSED_VARIABLE = YES;
				IPHONEOS_DEPLOYMENT_TARGET = 26.4;
				LOCALIZATION_PREFERS_STRING_CATALOGS = YES;
				MTL_ENABLE_DEBUG_INFO = INCLUDE_SOURCE;
				MTL_FAST_MATH = YES;
				ONLY_ACTIVE_ARCH = YES;
				SDKROOT = iphoneos;
				SWIFT_ACTIVE_COMPILATION_CONDITIONS = "DEBUG $(inherited)";
				SWIFT_OPTIMIZATION_LEVEL = "-Onone";
			};
			name = Debug;
		};
		44FE46FA2FA46A7000C03F71 /* Release */ = {
			isa = XCBuildConfiguration;
			buildSettings = {
				ALWAYS_SEARCH_USER_PATHS = NO;
				ASSETCATALOG_COMPILER_GENERATE_SWIFT_ASSET_SYMBOL_EXTENSIONS = YES;
				CLANG_ANALYZER_NONNULL = YES;
				CLANG_ANALYZER_NUMBER_OBJECT_CONVERSION = YES_AGGRESSIVE;
				CLANG_CXX_LANGUAGE_STANDARD = "gnu++20";
				CLANG_ENABLE_MODULES = YES;
				CLANG_ENABLE_OBJC_ARC = YES;
				CLANG_ENABLE_OBJC_WEAK = YES;
				CLANG_WARN_BLOCK_CAPTURE_AUTORELEASING = YES;
				CLANG_WARN_BOOL_CONVERSION = YES;
				CLANG_WARN_COMMA = YES;
				CLANG_WARN_CONSTANT_CONVERSION = YES;
				CLANG_WARN_DEPRECATED_OBJC_IMPLEMENTATIONS = YES;
				CLANG_WARN_DIRECT_OBJC_ISA_USAGE = YES_ERROR;
				CLANG_WARN_DOCUMENTATION_COMMENTS = YES;
				CLANG_WARN_EMPTY_BODY = YES;
				CLANG_WARN_ENUM_CONVERSION = YES;
				CLANG_WARN_INFINITE_RECURSION = YES;
				CLANG_WARN_INT_CONVERSION = YES;
				CLANG_WARN_NON_LITERAL_NULL_CONVERSION = YES;
				CLANG_WARN_OBJC_IMPLICIT_RETAIN_SELF = YES;
				CLANG_WARN_OBJC_LITERAL_CONVERSION = YES;
				CLANG_WARN_OBJC_ROOT_CLASS = YES_ERROR;
				CLANG_WARN_QUOTED_INCLUDE_IN_FRAMEWORK_HEADER = YES;
				CLANG_WARN_RANGE_LOOP_ANALYSIS = YES;
				CLANG_WARN_STRICT_PROTOTYPES = YES;
				CLANG_WARN_SUSPICIOUS_MOVE = YES;
				CLANG_WARN_UNGUARDED_AVAILABILITY = YES_AGGRESSIVE;
				CLANG_WARN_UNREACHABLE_CODE = YES;
				CLANG_WARN__DUPLICATE_METHOD_MATCH = YES;
				COPY_PHASE_STRIP = NO;
				DEBUG_INFORMATION_FORMAT = "dwarf-with-dsym";
				DEVELOPMENT_TEAM = U7UFFYB7X2;
				ENABLE_NS_ASSERTIONS = NO;
				ENABLE_STRICT_OBJC_MSGSEND = YES;
				ENABLE_USER_SCRIPT_SANDBOXING = YES;
				GCC_C_LANGUAGE_STANDARD = gnu17;
				GCC_NO_COMMON_BLOCKS = YES;
				GCC_WARN_64_TO_32_BIT_CONVERSION = YES;
				GCC_WARN_ABOUT_RETURN_TYPE = YES_ERROR;
				GCC_WARN_UNDECLARED_SELECTOR = YES;
				GCC_WARN_UNINITIALIZED_AUTOS = YES_AGGRESSIVE;
				GCC_WARN_UNUSED_FUNCTION = YES;
				GCC_WARN_UNUSED_VARIABLE = YES;
				IPHONEOS_DEPLOYMENT_TARGET = 26.4;
				LOCALIZATION_PREFERS_STRING_CATALOGS = YES;
				MTL_ENABLE_DEBUG_INFO = NO;
				MTL_FAST_MATH = YES;
				SDKROOT = iphoneos;
				SWIFT_COMPILATION_MODE = wholemodule;
				VALIDATE_PRODUCT = YES;
			};
			name = Release;
		};
		44FE46FC2FA46A7000C03F71 /* Debug */ = {
			isa = XCBuildConfiguration;
			buildSettings = {
				ASSETCATALOG_COMPILER_APPICON_NAME = AppIcon;
				ASSETCATALOG_COMPILER_GLOBAL_ACCENT_COLOR_NAME = AccentColor;
				CODE_SIGN_ENTITLEMENTS = "trainer-crm/trainer-crm.entitlements";
				CODE_SIGN_STYLE = Automatic;
				CURRENT_PROJECT_VERSION = 1;
				DEVELOPMENT_TEAM = U7UFFYB7X2;
				ENABLE_PREVIEWS = YES;
				GENERATE_INFOPLIST_FILE = YES;
				INFOPLIST_FILE = "trainer-crm/Info.plist";
				INFOPLIST_KEY_CFBundleDisplayName = TBDFit;
				INFOPLIST_KEY_CFBundleURLTypes = "({CFBundleURLSchemes = ('trainer-crm');})";
				INFOPLIST_KEY_NSCameraUsageDescription = "Trainer CRM needs camera access to record client training sessions.";
				INFOPLIST_KEY_NSMicrophoneUsageDescription = "Trainer CRM needs microphone access to record audio during client sessions.";
				INFOPLIST_KEY_NSPhotoLibraryAddUsageDescription = "Trainer CRM saves recorded session videos to your camera roll.";
				INFOPLIST_KEY_UIApplicationSceneManifest_Generation = YES;
				INFOPLIST_KEY_UIApplicationSupportsIndirectInputEvents = YES;
				INFOPLIST_KEY_UILaunchScreen_Generation = YES;
				INFOPLIST_KEY_UISupportedInterfaceOrientations_iPad = "UIInterfaceOrientationPortrait UIInterfaceOrientationPortraitUpsideDown UIInterfaceOrientationLandscapeLeft UIInterfaceOrientationLandscapeRight";
				INFOPLIST_KEY_UISupportedInterfaceOrientations_iPhone = "UIInterfaceOrientationPortrait UIInterfaceOrientationLandscapeLeft UIInterfaceOrientationLandscapeRight";
				IPHONEOS_DEPLOYMENT_TARGET = 26.3;
				LD_RUNPATH_SEARCH_PATHS = (
					"$(inherited)",
					"@executable_path/Frameworks",
				);
				MARKETING_VERSION = 1.03;
				PRODUCT_BUNDLE_IDENTIFIER = "tbd.fit.trainer-crm";
				PRODUCT_NAME = "$(TARGET_NAME)";
				STRING_CATALOG_GENERATE_SYMBOLS = YES;
				SWIFT_APPROACHABLE_CONCURRENCY = YES;
				SWIFT_DEFAULT_ACTOR_ISOLATION = MainActor;
				SWIFT_EMIT_LOC_STRINGS = YES;
				SWIFT_UPCOMING_FEATURE_MEMBER_IMPORT_VISIBILITY = YES;
				SWIFT_VERSION = 5.0;
				TARGETED_DEVICE_FAMILY = "1,2";
			};
			name = Debug;
		};
		44FE46FD2FA46A7000C03F71 /* Release */ = {
			isa = XCBuildConfiguration;
			buildSettings = {
				ASSETCATALOG_COMPILER_APPICON_NAME = AppIcon;
				ASSETCATALOG_COMPILER_GLOBAL_ACCENT_COLOR_NAME = AccentColor;
				CODE_SIGN_ENTITLEMENTS = "trainer-crm/trainer-crm.entitlements";
				CODE_SIGN_STYLE = Automatic;
				CURRENT_PROJECT_VERSION = 1;
				DEVELOPMENT_TEAM = U7UFFYB7X2;
				ENABLE_PREVIEWS = YES;
				GENERATE_INFOPLIST_FILE = YES;
				INFOPLIST_FILE = "trainer-crm/Info.plist";
				INFOPLIST_KEY_CFBundleDisplayName = TBDFit;
				INFOPLIST_KEY_CFBundleURLTypes = "({CFBundleURLSchemes = ('trainer-crm');})";
				INFOPLIST_KEY_NSCameraUsageDescription = "Trainer CRM needs camera access to record client training sessions.";
				INFOPLIST_KEY_NSMicrophoneUsageDescription = "Trainer CRM needs microphone access to record audio during client sessions.";
				INFOPLIST_KEY_NSPhotoLibraryAddUsageDescription = "Trainer CRM saves recorded session videos to your camera roll.";
				INFOPLIST_KEY_UIApplicationSceneManifest_Generation = YES;
				INFOPLIST_KEY_UIApplicationSupportsIndirectInputEvents = YES;
				INFOPLIST_KEY_UILaunchScreen_Generation = YES;
				INFOPLIST_KEY_UISupportedInterfaceOrientations_iPad = "UIInterfaceOrientationPortrait UIInterfaceOrientationPortraitUpsideDown UIInterfaceOrientationLandscapeLeft UIInterfaceOrientationLandscapeRight";
				INFOPLIST_KEY_UISupportedInterfaceOrientations_iPhone = "UIInterfaceOrientationPortrait UIInterfaceOrientationLandscapeLeft UIInterfaceOrientationLandscapeRight";
				IPHONEOS_DEPLOYMENT_TARGET = 26.3;
				LD_RUNPATH_SEARCH_PATHS = (
					"$(inherited)",
					"@executable_path/Frameworks",
				);
				MARKETING_VERSION = 1.03;
				PRODUCT_BUNDLE_IDENTIFIER = "tbd.fit.trainer-crm";
				PRODUCT_NAME = "$(TARGET_NAME)";
				STRING_CATALOG_GENERATE_SYMBOLS = YES;
				SWIFT_APPROACHABLE_CONCURRENCY = YES;
				SWIFT_DEFAULT_ACTOR_ISOLATION = MainActor;
				SWIFT_EMIT_LOC_STRINGS = YES;
				SWIFT_UPCOMING_FEATURE_MEMBER_IMPORT_VISIBILITY = YES;
				SWIFT_VERSION = 5.0;
				TARGETED_DEVICE_FAMILY = "1,2";
			};
			name = Release;
		};
		44FE46FF2FA46A7000C03F71 /* Debug */ = {
			isa = XCBuildConfiguration;
			buildSettings = {
				BUNDLE_LOADER = "$(TEST_HOST)";
				CODE_SIGN_STYLE = Automatic;
				CURRENT_PROJECT_VERSION = 1;
				DEVELOPMENT_TEAM = U7UFFYB7X2;
				GENERATE_INFOPLIST_FILE = YES;
				IPHONEOS_DEPLOYMENT_TARGET = 26.4;
				MARKETING_VERSION = 1.0;
				PRODUCT_BUNDLE_IDENTIFIER = "tbd.fit.trainer-crmTests";
				PRODUCT_NAME = "$(TARGET_NAME)";
				STRING_CATALOG_GENERATE_SYMBOLS = NO;
				SWIFT_APPROACHABLE_CONCURRENCY = YES;
				SWIFT_EMIT_LOC_STRINGS = NO;
				SWIFT_UPCOMING_FEATURE_MEMBER_IMPORT_VISIBILITY = YES;
				SWIFT_VERSION = 5.0;
				TARGETED_DEVICE_FAMILY = "1,2";
				TEST_HOST = "$(BUILT_PRODUCTS_DIR)/trainer-crm.app/$(BUNDLE_EXECUTABLE_FOLDER_PATH)/trainer-crm";
			};
			name = Debug;
		};
		44FE47002FA46A7000C03F71 /* Release */ = {
			isa = XCBuildConfiguration;
			buildSettings = {
				BUNDLE_LOADER = "$(TEST_HOST)";
				CODE_SIGN_STYLE = Automatic;
				CURRENT_PROJECT_VERSION = 1;
				DEVELOPMENT_TEAM = U7UFFYB7X2;
				GENERATE_INFOPLIST_FILE = YES;
				IPHONEOS_DEPLOYMENT_TARGET = 26.4;
				MARKETING_VERSION = 1.0;
				PRODUCT_BUNDLE_IDENTIFIER = "tbd.fit.trainer-crmTests";
				PRODUCT_NAME = "$(TARGET_NAME)";
				STRING_CATALOG_GENERATE_SYMBOLS = NO;
				SWIFT_APPROACHABLE_CONCURRENCY = YES;
				SWIFT_EMIT_LOC_STRINGS = NO;
				SWIFT_UPCOMING_FEATURE_MEMBER_IMPORT_VISIBILITY = YES;
				SWIFT_VERSION = 5.0;
				TARGETED_DEVICE_FAMILY = "1,2";
				TEST_HOST = "$(BUILT_PRODUCTS_DIR)/trainer-crm.app/$(BUNDLE_EXECUTABLE_FOLDER_PATH)/trainer-crm";
			};
			name = Release;
		};
		44FE47022FA46A7000C03F71 /* Debug */ = {
			isa = XCBuildConfiguration;
			buildSettings = {
				CODE_SIGN_STYLE = Automatic;
				CURRENT_PROJECT_VERSION = 1;
				DEVELOPMENT_TEAM = U7UFFYB7X2;
				GENERATE_INFOPLIST_FILE = YES;
				MARKETING_VERSION = 1.0;
				PRODUCT_BUNDLE_IDENTIFIER = "tbd.fit.trainer-crmUITests";
				PRODUCT_NAME = "$(TARGET_NAME)";
				STRING_CATALOG_GENERATE_SYMBOLS = NO;
				SWIFT_APPROACHABLE_CONCURRENCY = YES;
				SWIFT_EMIT_LOC_STRINGS = NO;
				SWIFT_UPCOMING_FEATURE_MEMBER_IMPORT_VISIBILITY = YES;
				SWIFT_VERSION = 5.0;
				TARGETED_DEVICE_FAMILY = "1,2";
				TEST_TARGET_NAME = "trainer-crm";
			};
			name = Debug;
		};
		44FE47032FA46A7000C03F71 /* Release */ = {
			isa = XCBuildConfiguration;
			buildSettings = {
				CODE_SIGN_STYLE = Automatic;
				CURRENT_PROJECT_VERSION = 1;
				DEVELOPMENT_TEAM = U7UFFYB7X2;
				GENERATE_INFOPLIST_FILE = YES;
				MARKETING_VERSION = 1.0;
				PRODUCT_BUNDLE_IDENTIFIER = "tbd.fit.trainer-crmUITests";
				PRODUCT_NAME = "$(TARGET_NAME)";
				STRING_CATALOG_GENERATE_SYMBOLS = NO;
				SWIFT_APPROACHABLE_CONCURRENCY = YES;
				SWIFT_EMIT_LOC_STRINGS = NO;
				SWIFT_UPCOMING_FEATURE_MEMBER_IMPORT_VISIBILITY = YES;
				SWIFT_VERSION = 5.0;
				TARGETED_DEVICE_FAMILY = "1,2";
				TEST_TARGET_NAME = "trainer-crm";
			};
			name = Release;
		};
/* End XCBuildConfiguration section */

/* Begin XCConfigurationList section */
		44FE46D32FA46A6E00C03F71 /* Build configuration list for PBXProject "trainer-crm" */ = {
			isa = XCConfigurationList;
			buildConfigurations = (
				44FE46F92FA46A7000C03F71 /* Debug */,
				44FE46FA2FA46A7000C03F71 /* Release */,
			);
			defaultConfigurationIsVisible = 0;
			defaultConfigurationName = Release;
		};
		44FE46FB2FA46A7000C03F71 /* Build configuration list for PBXNativeTarget "trainer-crm" */ = {
			isa = XCConfigurationList;
			buildConfigurations = (
				44FE46FC2FA46A7000C03F71 /* Debug */,
				44FE46FD2FA46A7000C03F71 /* Release */,
			);
			defaultConfigurationIsVisible = 0;
			defaultConfigurationName = Release;
		};
		44FE46FE2FA46A7000C03F71 /* Build configuration list for PBXNativeTarget "trainer-crmTests" */ = {
			isa = XCConfigurationList;
			buildConfigurations = (
				44FE46FF2FA46A7000C03F71 /* Debug */,
				44FE47002FA46A7000C03F71 /* Release */,
			);
			defaultConfigurationIsVisible = 0;
			defaultConfigurationName = Release;
		};
		44FE47012FA46A7000C03F71 /* Build configuration list for PBXNativeTarget "trainer-crmUITests" */ = {
			isa = XCConfigurationList;
			buildConfigurations = (
				44FE47022FA46A7000C03F71 /* Debug */,
				44FE47032FA46A7000C03F71 /* Release */,
			);
			defaultConfigurationIsVisible = 0;
			defaultConfigurationName = Release;
		};
/* End XCConfigurationList section */

/* Begin XCRemoteSwiftPackageReference section */
		44F3D65D2FB5C6280058EB19 /* XCRemoteSwiftPackageReference "firebase-ios-sdk" */ = {
			isa = XCRemoteSwiftPackageReference;
			repositoryURL = "https://github.com/firebase/firebase-ios-sdk";
			requirement = {
				kind = upToNextMajorVersion;
				minimumVersion = 12.13.0;
			};
		};
/* End XCRemoteSwiftPackageReference section */

/* Begin XCSwiftPackageProductDependency section */
		44F3D65E2FB5C6280058EB19 /* FirebaseMessaging */ = {
			isa = XCSwiftPackageProductDependency;
			package = 44F3D65D2FB5C6280058EB19 /* XCRemoteSwiftPackageReference "firebase-ios-sdk" */;
			productName = FirebaseMessaging;
		};
/* End XCSwiftPackageProductDependency section */
	};
	rootObject = 44FE46D02FA46A6E00C03F71 /* Project object */;
}
